
Microsoft Visual Studio Solution File, Format Version 12.00
# Visual Studio 15
VisualStudioVersion = 15.0.26730.10
MinimumVisualStudioVersion = 10.0.40219.1
Project("{FAE04EC0-301F-11D3-BF4B-00C04F79EFBC}") = "Library.Web", "Library.Web\Library.Web.csproj", "{935E114C-92C3-483D-9613-8DE3C0EEAFEE}"
EndProject
Project("{FAE04EC0-301F-11D3-BF4B-00C04F79EFBC}") = "Library.Domain", "Library.Domain\Library.Domain.csproj", "{83FD147D-3080-4436-BA3B-78777B4AC792}"
EndProject
Project("{FAE04EC0-301F-11D3-BF4B-00C04F79EFBC}") = "Library.Tests", "Library.Tests\Library.Tests.csproj", "{387937DE-F971-4459-923A-28346D9853CD}"
EndProject
Global
	GlobalSection(SolutionConfigurationPlatforms) = preSolution
		Debug|Any CPU = Debug|Any CPU
		Release|Any CPU = Release|Any CPU
	EndGlobalSection
	GlobalSection(ProjectConfigurationPlatforms) = postSolution
		{935E114C-92C3-483D-9613-8DE3C0EEAFEE}.Debug|Any CPU.ActiveCfg = Debug|Any CPU
		{935E114C-92C3-483D-9613-8DE3C0EEAFEE}.Debug|Any CPU.Build.0 = Debug|Any CPU
		{935E114C-92C3-483D-9613-8DE3C0EEAFEE}.Release|Any CPU.ActiveCfg = Release|Any CPU
		{935E114C-92C3-483D-9613-8DE3C0EEAFEE}.Release|Any CPU.Build.0 = Release|Any CPU
		{83FD147D-3080-4436-BA3B-78777B4AC792}.Debug|Any CPU.ActiveCfg = Debug|Any CPU
		{83FD147D-3080-4436-BA3B-78777B4AC792}.Debug|Any CPU.Build.0 = Debug|Any CPU
		{83FD147D-3080-4436-BA3B-78777B4AC792}.Release|Any CPU.ActiveCfg = Release|Any CPU
		{83FD147D-3080-4436-BA3B-78777B4AC792}.Release|Any CPU.Build.0 = Release|Any CPU
		{387937DE-F971-4459-923A-28346D9853CD}.Debug|Any CPU.ActiveCfg = Debug|Any CPU
		{387937DE-F971-4459-923A-28346D9853CD}.Debug|Any CPU.Build.0 = Debug|Any CPU
		{387937DE-F971-4459-923A-28346D9853CD}.Release|Any CPU.ActiveCfg = Release|Any CPU
		{387937DE-F971-4459-923A-28346D9853CD}.Release|Any CPU.Build.0 = Release|Any CPU
	EndGlobalSection
	GlobalSection(SolutionProperties) = preSolution
		HideSolutionNode = FALSE
	EndGlobalSection
	GlobalSection(ExtensibilityGlobals) = postSolution
		SolutionGuid = {79E828AF-9B37-40E6-BB63-D46787329B04}
	EndGlobalSection
EndGlobal
